// !$*UTF8*$!
{
	archiveVersion = 1;
	classes = {
	};
	objectVersion = 46;
	objects = {

/* Begin PBXBuildFile section */
		9303ED1019E97AB500E6D410 /* AppDelegate.swift in Sources */ = {isa = PBXBuildFile; fileRef = 9303ED0F19E97AB500E6D410 /* AppDelegate.swift */; };
		9303ED1219E97AB500E6D410 /* ViewController.swift in Sources */ = {isa = PBXBuildFile; fileRef = 9303ED1119E97AB500E6D410 /* ViewController.swift */; };
		9303ED1519E97AB500E6D410 /* Main.storyboard in Resources */ = {isa = PBXBuildFile; fileRef = 9303ED1319E97AB500E6D410 /* Main.storyboard */; };
		9303ED1719E97AB500E6D410 /* Images.xcassets in Resources */ = {isa = PBXBuildFile; fileRef = 9303ED1619E97AB500E6D410 /* Images.xcassets */; };
		9303ED1A19E97AB500E6D410 /* LaunchScreen.xib in Resources */ = {isa = PBXBuildFile; fileRef = 9303ED1819E97AB500E6D410 /* LaunchScreen.xib */; };
		9303ED2619E97AB500E6D410 /* _9BalloonsTests.swift in Sources */ = {isa = PBXBuildFile; fileRef = 9303ED2519E97AB500E6D410 /* _9BalloonsTests.swift */; };
		9303ED3519E97AEF00E6D410 /* BerlinTVTower.jpg in Resources */ = {isa = PBXBuildFile; fileRef = 9303ED3019E97AEF00E6D410 /* BerlinTVTower.jpg */; };
		9303ED3619E97AEF00E6D410 /* RedBalloon1.jpg in Resources */ = {isa = PBXBuildFile; fileRef = 9303ED3119E97AEF00E6D410 /* RedBalloon1.jpg */; };
		9303ED3719E97AEF00E6D410 /* RedBalloon2.jpg in Resources */ = {isa = PBXBuildFile; fileRef = 9303ED3219E97AEF00E6D410 /* RedBalloon2.jpg */; };
		9303ED3819E97AEF00E6D410 /* RedBalloon3.jpg in Resources */ = {isa = PBXBuildFile; fileRef = 9303ED3319E97AEF00E6D410 /* RedBalloon3.jpg */; };
		9303ED3919E97AEF00E6D410 /* RedBalloon4.jpg in Resources */ = {isa = PBXBuildFile; fileRef = 9303ED3419E97AEF00E6D410 /* RedBalloon4.jpg */; };
		9303ED3B19E97B2400E6D410 /* Balloon.swift in Sources */ = {isa = PBXBuildFile; fileRef = 9303ED3A19E97B2400E6D410 /* Balloon.swift */; };
/* End PBXBuildFile section */

/* Begin PBXContainerItemProxy section */
		9303ED2019E97AB500E6D410 /* PBXContainerItemProxy */ = {
			isa = PBXContainerItemProxy;
			containerPortal = 9303ED0219E97AB500E6D410 /* Project object */;
			proxyType = 1;
			remoteGlobalIDString = 9303ED0919E97AB500E6D410;
			remoteInfo = 99Balloons;
		};
/* End PBXContainerItemProxy section */

/* Begin PBXFileReference section */
		9303ED0A19E97AB500E6D410 /* 99Balloons.app */ = {isa = PBXFileReference; explicitFileType = wrapper.application; includeInIndex = 0; path = 99Balloons.app; sourceTree = BUILT_PRODUCTS_DIR; };
		9303ED0E19E97AB500E6D410 /* Info.plist */ = {isa = PBXFileReference; lastKnownFileType = text.plist.xml; path = Info.plist; sourceTree = "<group>"; };
		9303ED0F19E97AB500E6D410 /* AppDelegate.swift */ = {isa = PBXFileReference; lastKnownFileType = sourcecode.swift; path = AppDelegate.swift; sourceTree = "<group>"; };
		9303ED1119E97AB500E6D410 /* ViewController.swift */ = {isa = PBXFileReference; lastKnownFileType = sourcecode.swift; path = ViewController.swift; sourceTree = "<group>"; };
		9303ED1419E97AB500E6D410 /* Base */ = {isa = PBXFileReference; lastKnownFileType = file.storyboard; name = Base; path = Base.lproj/Main.storyboard; sourceTree = "<group>"; };
		9303ED1619E97AB500E6D410 /* Images.xcassets */ = {isa = PBXFileReference; lastKnownFileType = folder.assetcatalog; path = Images.xcassets; sourceTree = "<group>"; };
		9303ED1919E97AB500E6D410 /* Base */ = {isa = PBXFileReference; lastKnownFileType = file.xib; name = Base; path = Base.lproj/LaunchScreen.xib; sourceTree = "<group>"; };
		9303ED1F19E97AB500E6D410 /* 99BalloonsTests.xctest */ = {isa = PBXFileReference; explicitFileType = wrapper.cfbundle; includeInIndex = 0; path = 99BalloonsTests.xctest; sourceTree = BUILT_PRODUCTS_DIR; };
		9303ED2419E97AB500E6D410 /* Info.plist */ = {isa = PBXFileReference; lastKnownFileType = text.plist.xml; path = Info.plist; sourceTree = "<group>"; };
		9303ED2519E97AB500E6D410 /* _9BalloonsTests.swift */ = {isa = PBXFileReference; lastKnownFileType = sourcecode.swift; path = _9BalloonsTests.swift; sourceTree = "<group>"; };
		9303ED3019E97AEF00E6D410 /* BerlinTVTower.jpg */ = {isa = PBXFileReference; lastKnownFileType = image.jpeg; path = BerlinTVTower.jpg; sourceTree = "<group>"; };
		9303ED3119E97AEF00E6D410 /* RedBalloon1.jpg */ = {isa = PBXFileReference; lastKnownFileType = image.jpeg; path = RedBalloon1.jpg; sourceTree = "<group>"; };
		9303ED3219E97AEF00E6D410 /* RedBalloon2.jpg */ = {isa = PBXFileReference; lastKnownFileType = image.jpeg; path = RedBalloon2.jpg; sourceTree = "<group>"; };
		9303ED3319E97AEF00E6D410 /* RedBalloon3.jpg */ = {isa = PBXFileReference; lastKnownFileType = image.jpeg; path = RedBalloon3.jpg; sourceTree = "<group>"; };
		9303ED3419E97AEF00E6D410 /* RedBalloon4.jpg */ = {isa = PBXFileReference; lastKnownFileType = image.jpeg; path = RedBalloon4.jpg; sourceTree = "<group>"; };
		9303ED3A19E97B2400E6D410 /* Balloon.swift */ = {isa = PBXFileReference; fileEncoding = 4; lastKnownFileType = sourcecode.swift; path = Balloon.swift; sourceTree = "<group>"; };
/* End PBXFileReference section */

/* Begin PBXFrameworksBuildPhase section */
		9303ED0719E97AB500E6D410 /* Frameworks */ = {
			isa = PBXFrameworksBuildPhase;
			buildActionMask = 2147483647;
			files = (
			);
			runOnlyForDeploymentPostprocessing = 0;
		};
		9303ED1C19E97AB500E6D410 /* Frameworks */ = {
			isa = PBXFrameworksBuildPhase;
			buildActionMask = 2147483647;
			files = (
			);
			runOnlyForDeploymentPostprocessing = 0;
		};
/* End PBXFrameworksBuildPhase section */

/* Begin PBXGroup section */
		9303ED0119E97AB500E6D410 = {
			isa = PBXGroup;
			children = (
				9303ED0C19E97AB500E6D410 /* 99Balloons */,
				9303ED2219E97AB500E6D410 /* 99BalloonsTests */,
				9303ED0B19E97AB500E6D410 /* Products */,
			);
			sourceTree = "<group>";
		};
		9303ED0B19E97AB500E6D410 /* Products */ = {
			isa = PBXGroup;
			children = (
				9303ED0A19E97AB500E6D410 /* 99Balloons.app */,
				9303ED1F19E97AB500E6D410 /* 99BalloonsTests.xctest */,
			);
			name = Products;
			sourceTree = "<group>";
		};
		9303ED0C19E97AB500E6D410 /* 99Balloons */ = {
			isa = PBXGroup;
			children = (
				9303ED0F19E97AB500E6D410 /* AppDelegate.swift */,
				9303ED1119E97AB500E6D410 /* ViewController.swift */,
				9303ED1319E97AB500E6D410 /* Main.storyboard */,
				9303ED3A19E97B2400E6D410 /* Balloon.swift */,
				9303ED1619E97AB500E6D410 /* Images.xcassets */,
				9303ED1819E97AB500E6D410 /* LaunchScreen.xib */,
				9303ED0D19E97AB500E6D410 /* Supporting Files */,
			);
			path = 99Balloons;
			sourceTree = "<group>";
		};
		9303ED0D19E97AB500E6D410 /* Supporting Files */ = {
			isa = PBXGroup;
			children = (
				9303ED2F19E97AEF00E6D410 /* 99RedBalloonsAssets */,
				9303ED0E19E97AB500E6D410 /* Info.plist */,
			);
			name = "Supporting Files";
			sourceTree = "<group>";
		};
		9303ED2219E97AB500E6D410 /* 99BalloonsTests */ = {
			isa = PBXGroup;
			children = (
				9303ED2519E97AB500E6D410 /* _9BalloonsTests.swift */,
				9303ED2319E97AB500E6D410 /* Supporting Files */,
			);
			path = 99BalloonsTests;
			sourceTree = "<group>";
		};
		9303ED2319E97AB500E6D410 /* Supporting Files */ = {
			isa = PBXGroup;
			children = (
				9303ED2419E97AB500E6D410 /* Info.plist */,
			);
			name = "Supporting Files";
			sourceTree = "<group>";
		};
		9303ED2F19E97AEF00E6D410 /* 99RedBalloonsAssets */ = {
			isa = PBXGroup;
			children = (
				9303ED3019E97AEF00E6D410 /* BerlinTVTower.jpg */,
				9303ED3119E97AEF00E6D410 /* RedBalloon1.jpg */,
				9303ED3219E97AEF00E6D410 /* RedBalloon2.jpg */,
				9303ED3319E97AEF00E6D410 /* RedBalloon3.jpg */,
				9303ED3419E97AEF00E6D410 /* RedBalloon4.jpg */,
			);
			path = 99RedBalloonsAssets;
			sourceTree = "<group>";
		};
/* End PBXGroup section */

/* Begin PBXNativeTarget section */
		9303ED0919E97AB500E6D410 /* 99Balloons */ = {
			isa = PBXNativeTarget;
			buildConfigurationList = 9303ED2919E97AB500E6D410 /* Build configuration list for PBXNativeTarget "99Balloons" */;
			buildPhases = (
				9303ED0619E97AB500E6D410 /* Sources */,
				9303ED0719E97AB500E6D410 /* Frameworks */,
				9303ED0819E97AB500E6D410 /* Resources */,
			);
			buildRules = (
			);
			dependencies = (
			);
			name = 99Balloons;
			productName = 99Balloons;
			productReference = 9303ED0A19E97AB500E6D410 /* 99Balloons.app */;
			productType = "com.apple.product-type.application";
		};
		9303ED1E19E97AB500E6D410 /* 99BalloonsTests */ = {
			isa = PBXNativeTarget;
			buildConfigurationList = 9303ED2C19E97AB500E6D410 /* Build configuration list for PBXNativeTarget "99BalloonsTests" */;
			buildPhases = (
				9303ED1B19E97AB500E6D410 /* Sources */,
				9303ED1C19E97AB500E6D410 /* Frameworks */,
				9303ED1D19E97AB500E6D410 /* Resources */,
			);
			buildRules = (
			);
			dependencies = (
				9303ED2119E97AB500E6D410 /* PBXTargetDependency */,
			);
			name = 99BalloonsTests;
			productName = 99BalloonsTests;
			productReference = 9303ED1F19E97AB500E6D410 /* 99BalloonsTests.xctest */;
			productType = "com.apple.product-type.bundle.unit-test";
		};
/* End PBXNativeTarget section */

/* Begin PBXProject section */
		9303ED0219E97AB500E6D410 /* Project object */ = {
			isa = PBXProject;
			attributes = {
				LastUpgradeCheck = 0600;
				ORGANIZATIONNAME = "Rizwan Javaid";
				TargetAttributes = {
					9303ED0919E97AB500E6D410 = {
						CreatedOnToolsVersion = 6.0.1;
					};
					9303ED1E19E97AB500E6D410 = {
						CreatedOnToolsVersion = 6.0.1;
						TestTargetID = 9303ED0919E97AB500E6D410;
					};
				};
			};
			buildConfigurationList = 9303ED0519E97AB500E6D410 /* Build configuration list for PBXProject "99Balloons" */;
			compatibilityVersion = "Xcode 3.2";
			developmentRegion = English;
			hasScannedForEncodings = 0;
			knownRegions = (
				en,
				Base,
			);
			mainGroup = 9303ED0119E97AB500E6D410;
			productRefGroup = 9303ED0B19E97AB500E6D410 /* Products */;
			projectDirPath = "";
			projectRoot = "";
			targets = (
				9303ED0919E97AB500E6D410 /* 99Balloons */,
				9303ED1E19E97AB500E6D410 /* 99BalloonsTests */,
			);
		};
/* End PBXProject section */

/* Begin PBXResourcesBuildPhase section */
		9303ED0819E97AB500E6D410 /* Resources */ = {
			isa = PBXResourcesBuildPhase;
			buildActionMask = 2147483647;
			files = (
				9303ED3719E97AEF00E6D410 /* RedBalloon2.jpg in Resources */,
				9303ED1519E97AB500E6D410 /* Main.storyboard in Resources */,
				9303ED3819E97AEF00E6D410 /* RedBalloon3.jpg in Resources */,
				9303ED1A19E97AB500E6D410 /* LaunchScreen.xib in Resources */,
				9303ED3919E97AEF00E6D410 /* RedBalloon4.jpg in Resources */,
				9303ED1719E97AB500E6D410 /* Images.xcassets in Resources */,
				9303ED3619E97AEF00E6D410 /* RedBalloon1.jpg in Resources */,
				9303ED3519E97AEF00E6D410 /* BerlinTVTower.jpg in Resources */,
			);
			runOnlyForDeploymentPostprocessing = 0;
		};
		9303ED1D19E97AB500E6D410 /* Resources */ = {
			isa = PBXResourcesBuildPhase;
			buildActionMask = 2147483647;
			files = (
			);
			runOnlyForDeploymentPostprocessing = 0;
		};
/* End PBXResourcesBuildPhase section */

/* Begin PBXSourcesBuildPhase section */
		9303ED0619E97AB500E6D410 /* Sources */ = {
			isa = PBXSourcesBuildPhase;
			buildActionMask = 2147483647;
			files = (
				9303ED1219E97AB500E6D410 /* ViewController.swift in Sources */,
				9303ED3B19E97B2400E6D410 /* Balloon.swift in Sources */,
				9303ED1019E97AB500E6D410 /* AppDelegate.swift in Sources */,
			);
			runOnlyForDeploymentPostprocessing = 0;
		};
		9303ED1B19E97AB500E6D410 /* Sources */ = {
			isa = PBXSourcesBuildPhase;
			buildActionMask = 2147483647;
			files = (
				9303ED2619E97AB500E6D410 /* _9BalloonsTests.swift in Sources */,
			);
			runOnlyForDeploymentPostprocessing = 0;
		};
/* End PBXSourcesBuildPhase section */

/* Begin PBXTargetDependency section */
		9303ED2119E97AB500E6D410 /* PBXTargetDependency */ = {
			isa = PBXTargetDependency;
			target = 9303ED0919E97AB500E6D410 /* 99Balloons */;
			targetProxy = 9303ED2019E97AB500E6D410 /* PBXContainerItemProxy */;
		};
/* End PBXTargetDependency section */

/* Begin PBXVariantGroup section */
		9303ED1319E97AB500E6D410 /* Main.storyboard */ = {
			isa = PBXVariantGroup;
			children = (
				9303ED1419E97AB500E6D410 /* Base */,
			);
			name = Main.storyboard;
			sourceTree = "<group>";
		};
		9303ED1819E97AB500E6D410 /* LaunchScreen.xib */ = {
			isa = PBXVariantGroup;
			children = (
				9303ED1919E97AB500E6D410 /* Base */,
			);
			name = LaunchScreen.xib;
			sourceTree = "<group>";
		};
/* End PBXVariantGroup section */

/* Begin XCBuildConfiguration section */
		9303ED2719E97AB500E6D410 /* Debug */ = {
			isa = XCBuildConfiguration;
			buildSettings = {
				ALWAYS_SEARCH_USER_PATHS = NO;
				CLANG_CXX_LANGUAGE_STANDARD = "gnu++0x";
				CLANG_CXX_LIBRARY = "libc++";
				CLANG_ENABLE_MODULES = YES;
				CLANG_ENABLE_OBJC_ARC = YES;
				CLANG_WARN_BOOL_CONVERSION = YES;
				CLANG_WARN_CONSTANT_CONVERSION = YES;
				CLANG_WARN_DIRECT_OBJC_ISA_USAGE = YES_ERROR;
				CLANG_WARN_EMPTY_BODY = YES;
				CLANG_WARN_ENUM_CONVERSION = YES;
				CLANG_WARN_INT_CONVERSION = YES;
				CLANG_WARN_OBJC_ROOT_CLASS = YES_ERROR;
				CLANG_WARN_UNREACHABLE_CODE = YES;
				CLANG_WARN__DUPLICATE_METHOD_MATCH = YES;
				"CODE_SIGN_IDENTITY[sdk=iphoneos*]" = "iPhone Developer";
				COPY_PHASE_STRIP = NO;
				ENABLE_STRICT_OBJC_MSGSEND = YES;
				GCC_C_LANGUAGE_STANDARD = gnu99;
				GCC_DYNAMIC_NO_PIC = NO;
				GCC_OPTIMIZATION_LEVEL = 0;
				GCC_PREPROCESSOR_DEFINITIONS = (
					"DEBUG=1",
					"$(inherited)",
				);
				GCC_SYMBOLS_PRIVATE_EXTERN = NO;
				GCC_WARN_64_TO_32_BIT_CONVERSION = YES;
				GCC_WARN_ABOUT_RETURN_TYPE = YES_ERROR;
				GCC_WARN_UNDECLARED_SELECTOR = YES;
				GCC_WARN_UNINITIALIZED_AUTOS = YES_AGGRESSIVE;
				GCC_WARN_UNUSED_FUNCTION = YES;
				GCC_WARN_UNUSED_VARIABLE = YES;
				IPHONEOS_DEPLOYMENT_TARGET = 8.0;
				MTL_ENABLE_DEBUG_INFO = YES;
				ONLY_ACTIVE_ARCH = YES;
				SDKROOT = iphoneos;
				SWIFT_OPTIMIZATION_LEVEL = "-Onone";
				TARGETED_DEVICE_FAMILY = "1,2";
			};
			name = Debug;
		};
		9303ED2819E97AB500E6D410 /* Release */ = {
			isa = XCBuildConfiguration;
			buildSettings = {
				ALWAYS_SEARCH_USER_PATHS = NO;
				CLANG_CXX_LANGUAGE_STANDARD = "gnu++0x";
				CLANG_CXX_LIBRARY = "libc++";
				CLANG_ENABLE_MODULES = YES;
				CLANG_ENABLE_OBJC_ARC = YES;
				CLANG_WARN_BOOL_CONVERSION = YES;
				CLANG_WARN_CONSTANT_CONVERSION = YES;
				CLANG_WARN_DIRECT_OBJC_ISA_USAGE = YES_ERROR;
				CLANG_WARN_EMPTY_BODY = YES;
				CLANG_WARN_ENUM_CONVERSION = YES;
				CLANG_WARN_INT_CONVERSION = YES;
				CLANG_WARN_OBJC_ROOT_CLASS = YES_ERROR;
				CLANG_WARN_UNREACHABLE_CODE = YES;
				CLANG_WARN__DUPLICATE_METHOD_MATCH = YES;
				"CODE_SIGN_IDENTITY[sdk=iphoneos*]" = "iPhone Developer";
				COPY_PHASE_STRIP = YES;
				ENABLE_NS_ASSERTIONS = NO;
				ENABLE_STRICT_OBJC_MSGSEND = YES;
				GCC_C_LANGUAGE_STANDARD = gnu99;
				GCC_WARN_64_TO_32_BIT_CONVERSION = YES;
				GCC_WARN_ABOUT_RETURN_TYPE = YES_ERROR;
				GCC_WARN_UNDECLARED_SELECTOR = YES;
				GCC_WARN_UNINITIALIZED_AUTOS = YES_AGGRESSIVE;
				GCC_WARN_UNUSED_FUNCTION = YES;
				GCC_WARN_UNUSED_VARIABLE = YES;
				IPHONEOS_DEPLOYMENT_TARGET = 8.0;
				MTL_ENABLE_DEBUG_INFO = NO;
				SDKROOT = iphoneos;
				TARGETED_DEVICE_FAMILY = "1,2";
				VALIDATE_PRODUCT = YES;
			};
			name = Release;
		};
		9303ED2A19E97AB500E6D410 /* Debug */ = {
			isa = XCBuildConfiguration;
			buildSettings = {
				ASSETCATALOG_COMPILER_APPICON_NAME = AppIcon;
				INFOPLIST_FILE = 99Balloons/Info.plist;
				LD_RUNPATH_SEARCH_PATHS = "$(inherited) @executable_path/Frameworks";
				PRODUCT_NAME = "$(TARGET_NAME)";
			};
			name = Debug;
		};
		9303ED2B19E97AB500E6D410 /* Release */ = {
			isa = XCBuildConfiguration;
			buildSettings = {
				ASSETCATALOG_COMPILER_APPICON_NAME = AppIcon;
				INFOPLIST_FILE = 99Balloons/Info.plist;
				LD_RUNPATH_SEARCH_PATHS = "$(inherited) @executable_path/Frameworks";
				PRODUCT_NAME = "$(TARGET_NAME)";
			};
			name = Release;
		};
		9303ED2D19E97AB500E6D410 /* Debug */ = {
			isa = XCBuildConfiguration;
			buildSettings = {
				BUNDLE_LOADER = "$(TEST_HOST)";
				FRAMEWORK_SEARCH_PATHS = (
					"$(SDKROOT)/Developer/Library/Frameworks",
					"$(inherited)",
				);
				GCC_PREPROCESSOR_DEFINITIONS = (
					"DEBUG=1",
					"$(inherited)",
				);
				INFOPLIST_FILE = 99BalloonsTests/Info.plist;
				LD_RUNPATH_SEARCH_PATHS = "$(inherited) @executable_path/Frameworks @loader_path/Frameworks";
				PRODUCT_NAME = "$(TARGET_NAME)";
				TEST_HOST = "$(BUILT_PRODUCTS_DIR)/99Balloons.app/99Balloons";
			};
			name = Debug;
		};
		9303ED2E19E97AB500E6D410 /* Release */ = {
			isa = XCBuildConfiguration;
			buildSettings = {
				BUNDLE_LOADER = "$(TEST_HOST)";
				FRAMEWORK_SEARCH_PATHS = (
					"$(SDKROOT)/Developer/Library/Frameworks",
					"$(inherited)",
				);
				INFOPLIST_FILE = 99BalloonsTests/Info.plist;
				LD_RUNPATH_SEARCH_PATHS = "$(inherited) @executable_path/Frameworks @loader_path/Frameworks";
				PRODUCT_NAME = "$(TARGET_NAME)";
				TEST_HOST = "$(BUILT_PRODUCTS_DIR)/99Balloons.app/99Balloons";
			};
			name = Release;
		};
/* End XCBuildConfiguration section */

/* Begin XCConfigurationList section */
		9303ED0519E97AB500E6D410 /* Build configuration list for PBXProject "99Balloons" */ = {
			isa = XCConfigurationList;
			buildConfigurations = (
				9303ED2719E97AB500E6D410 /* Debug */,
				9303ED2819E97AB500E6D410 /* Release */,
			);
			defaultConfigurationIsVisible = 0;
			defaultConfigurationName = Release;
		};
		9303ED2919E97AB500E6D410 /* Build configuration list for PBXNativeTarget "99Balloons" */ = {
			isa = XCConfigurationList;
			buildConfigurations = (
				9303ED2A19E97AB500E6D410 /* Debug */,
				9303ED2B19E97AB500E6D410 /* Release */,
			);
			defaultConfigurationIsVisible = 0;
		};
		9303ED2C19E97AB500E6D410 /* Build configuration list for PBXNativeTarget "99BalloonsTests" */ = {
			isa = XCConfigurationList;
			buildConfigurations = (
				9303ED2D19E97AB500E6D410 /* Debug */,
				9303ED2E19E97AB500E6D410 /* Release */,
			);
			defaultConfigurationIsVisible = 0;
		};
/* End XCConfigurationList section */
	};
	rootObject = 9303ED0219E97AB500E6D410 /* Project object */;
}
